
Microsoft Visual Studio Solution File, Format Version 12.00
# Visual Studio 15
VisualStudioVersion = 15.0.28307.1500
MinimumVisualStudioVersion = 10.0.40219.1
Project("{FAE04EC0-301F-11D3-BF4B-00C04F79EFBC}") = "Projet_yassineElkammi", "Projet(yassineElkammi)\Projet_yassineElkammi.csproj", "{B87B3477-1036-48F4-ABFA-C5ED00BD075C}"
EndProject
Global
	GlobalSection(SolutionConfigurationPlatforms) = preSolution
		Debug|Any CPU = Debug|Any CPU
		Release|Any CPU = Release|Any CPU
	EndGlobalSection
	GlobalSection(ProjectConfigurationPlatforms) = postSolution
		{B87B3477-1036-48F4-ABFA-C5ED00BD075C}.Debug|Any CPU.ActiveCfg = Debug|Any CPU
		{B87B3477-1036-48F4-ABFA-C5ED00BD075C}.Debug|Any CPU.Build.0 = Debug|Any CPU
		{B87B3477-1036-48F4-ABFA-C5ED00BD075C}.Release|Any CPU.ActiveCfg = Release|Any CPU
		{B87B3477-1036-48F4-ABFA-C5ED00BD075C}.Release|Any CPU.Build.0 = Release|Any CPU
	EndGlobalSection
	GlobalSection(SolutionProperties) = preSolution
		HideSolutionNode = FALSE
	EndGlobalSection
	GlobalSection(ExtensibilityGlobals) = postSolution
		SolutionGuid = {ADF2E1A7-BE18-4547-8975-64294824E3C6}
	EndGlobalSection
EndGlobal
